// !$*UTF8*$!
{
	archiveVersion = 1;
	classes = {
	};
	objectVersion = 55;
	objects = {

/* Begin PBXBuildFile section */
		480E32CC25C42CB50009F827 /* MetroNextBusesModel.swift in Sources */ = {isa = PBXBuildFile; fileRef = 480E32CB25C42CB50009F827 /* MetroNextBusesModel.swift */; };
		480E32E825C58B4F0009F827 /* StationModel.swift in Sources */ = {isa = PBXBuildFile; fileRef = 480E32E725C58B4F0009F827 /* StationModel.swift */; };
		481AA559277918250086498F /* WMATAUI in Frameworks */ = {isa = PBXBuildFile; productRef = 481AA558277918250086498F /* WMATAUI */; };
		4828818825BC5902005B7994 /* StationView.swift in Sources */ = {isa = PBXBuildFile; fileRef = 4828818725BC5902005B7994 /* StationView.swift */; };
		4828819B25BCBE2E005B7994 /* NextTrainsView.swift in Sources */ = {isa = PBXBuildFile; fileRef = 4828819A25BCBE2E005B7994 /* NextTrainsView.swift */; };
		482881A025BCBEF3005B7994 /* Roundel.swift in Sources */ = {isa = PBXBuildFile; fileRef = 4828819F25BCBEF3005B7994 /* Roundel.swift */; };
		482D96EB25AB2BA4001BACFE /* LinesManager.swift in Sources */ = {isa = PBXBuildFile; fileRef = 482D96EA25AB2BA4001BACFE /* LinesManager.swift */; };
		482EE71E25ACB06200C351A4 /* View+Balance.swift in Sources */ = {isa = PBXBuildFile; fileRef = 482EE71D25ACB06200C351A4 /* View+Balance.swift */; };
		484417E225C1829600A7752D /* WMATAUI in Frameworks */ = {isa = PBXBuildFile; productRef = 484417E125C1829600A7752D /* WMATAUI */; };
		484A36BF2753B4B000AF8818 /* PreviewLocationManager.swift in Sources */ = {isa = PBXBuildFile; fileRef = 484A36BE2753B4B000AF8818 /* PreviewLocationManager.swift */; };
		4871567925BDEB30006ACCD6 /* PreviewData.swift in Sources */ = {isa = PBXBuildFile; fileRef = 4871567825BDEB30006ACCD6 /* PreviewData.swift */; };
		487CE5A625C5DCC10013C2B6 /* NextBusesView.swift in Sources */ = {isa = PBXBuildFile; fileRef = 487CE5A525C5DCC10013C2B6 /* NextBusesView.swift */; };
		48BCABD6277F9DF900BFE7D7 /* WMATA+Extensions.swift in Sources */ = {isa = PBXBuildFile; fileRef = 48BCABD5277F9DF900BFE7D7 /* WMATA+Extensions.swift */; };
		48CD053C26DC2BBE00FE48A1 /* PreviewLinesManager.swift in Sources */ = {isa = PBXBuildFile; fileRef = 48CD053B26DC2BBE00FE48A1 /* PreviewLinesManager.swift */; };
		48D7614825AFBF8700756E52 /* ApiKeys.swift in Sources */ = {isa = PBXBuildFile; fileRef = 48D7614725AFBF8700756E52 /* ApiKeys.swift */; };
		48DA8BCD25BCFE5A00C9DE95 /* MetroNextTrainsModel.swift in Sources */ = {isa = PBXBuildFile; fileRef = 48DA8BCC25BCFE5A00C9DE95 /* MetroNextTrainsModel.swift */; };
		48F6D70C26DAAAEB003A5C34 /* WalkingTimeView.swift in Sources */ = {isa = PBXBuildFile; fileRef = 48F6D70B26DAAAEB003A5C34 /* WalkingTimeView.swift */; };
		48F6D70E26DAC420003A5C34 /* LocationManager.swift in Sources */ = {isa = PBXBuildFile; fileRef = 48F6D70D26DAC420003A5C34 /* LocationManager.swift */; };
		48F6D71026DAEC5B003A5C34 /* CacheManager.swift in Sources */ = {isa = PBXBuildFile; fileRef = 48F6D70F26DAEC5B003A5C34 /* CacheManager.swift */; };
		48FA4C6325A2ACF70050C027 /* WMATAStationApp.swift in Sources */ = {isa = PBXBuildFile; fileRef = 48FA4C6225A2ACF70050C027 /* WMATAStationApp.swift */; };
		48FA4C6525A2ACF70050C027 /* LinesView.swift in Sources */ = {isa = PBXBuildFile; fileRef = 48FA4C6425A2ACF70050C027 /* LinesView.swift */; };
		48FA4C6725A2ACFB0050C027 /* Assets.xcassets in Resources */ = {isa = PBXBuildFile; fileRef = 48FA4C6625A2ACFB0050C027 /* Assets.xcassets */; };
		48FA4C6A25A2ACFB0050C027 /* Preview Assets.xcassets in Resources */ = {isa = PBXBuildFile; fileRef = 48FA4C6925A2ACFB0050C027 /* Preview Assets.xcassets */; };
		48FA4C7525A2ACFB0050C027 /* WMATAStationTests.swift in Sources */ = {isa = PBXBuildFile; fileRef = 48FA4C7425A2ACFB0050C027 /* WMATAStationTests.swift */; };
		48FA4C8025A2ACFB0050C027 /* WMATAStationUITests.swift in Sources */ = {isa = PBXBuildFile; fileRef = 48FA4C7F25A2ACFB0050C027 /* WMATAStationUITests.swift */; };
/* End PBXBuildFile section */

/* Begin PBXContainerItemProxy section */
		48FA4C7125A2ACFB0050C027 /* PBXContainerItemProxy */ = {
			isa = PBXContainerItemProxy;
			containerPortal = 48FA4C5725A2ACF70050C027 /* Project object */;
			proxyType = 1;
			remoteGlobalIDString = 48FA4C5E25A2ACF70050C027;
			remoteInfo = "WMATA Station";
		};
		48FA4C7C25A2ACFB0050C027 /* PBXContainerItemProxy */ = {
			isa = PBXContainerItemProxy;
			containerPortal = 48FA4C5725A2ACF70050C027 /* Project object */;
			proxyType = 1;
			remoteGlobalIDString = 48FA4C5E25A2ACF70050C027;
			remoteInfo = "WMATA Station";
		};
/* End PBXContainerItemProxy section */

/* Begin PBXFileReference section */
		480E32CB25C42CB50009F827 /* MetroNextBusesModel.swift */ = {isa = PBXFileReference; lastKnownFileType = sourcecode.swift; path = MetroNextBusesModel.swift; sourceTree = "<group>"; };
		480E32E725C58B4F0009F827 /* StationModel.swift */ = {isa = PBXFileReference; fileEncoding = 4; lastKnownFileType = sourcecode.swift; path = StationModel.swift; sourceTree = "<group>"; };
		4828818725BC5902005B7994 /* StationView.swift */ = {isa = PBXFileReference; lastKnownFileType = sourcecode.swift; path = StationView.swift; sourceTree = "<group>"; };
		4828819A25BCBE2E005B7994 /* NextTrainsView.swift */ = {isa = PBXFileReference; lastKnownFileType = sourcecode.swift; path = NextTrainsView.swift; sourceTree = "<group>"; };
		4828819F25BCBEF3005B7994 /* Roundel.swift */ = {isa = PBXFileReference; lastKnownFileType = sourcecode.swift; path = Roundel.swift; sourceTree = "<group>"; };
		482D96EA25AB2BA4001BACFE /* LinesManager.swift */ = {isa = PBXFileReference; lastKnownFileType = sourcecode.swift; path = LinesManager.swift; sourceTree = "<group>"; };
		482EE71D25ACB06200C351A4 /* View+Balance.swift */ = {isa = PBXFileReference; lastKnownFileType = sourcecode.swift; path = "View+Balance.swift"; sourceTree = "<group>"; };
		484A36BE2753B4B000AF8818 /* PreviewLocationManager.swift */ = {isa = PBXFileReference; lastKnownFileType = sourcecode.swift; path = PreviewLocationManager.swift; sourceTree = "<group>"; };
		4871567825BDEB30006ACCD6 /* PreviewData.swift */ = {isa = PBXFileReference; lastKnownFileType = sourcecode.swift; path = PreviewData.swift; sourceTree = "<group>"; };
		487CE5A525C5DCC10013C2B6 /* NextBusesView.swift */ = {isa = PBXFileReference; fileEncoding = 4; lastKnownFileType = sourcecode.swift; path = NextBusesView.swift; sourceTree = "<group>"; };
		48BCABD5277F9DF900BFE7D7 /* WMATA+Extensions.swift */ = {isa = PBXFileReference; lastKnownFileType = sourcecode.swift; path = "WMATA+Extensions.swift"; sourceTree = "<group>"; };
		48CD053B26DC2BBE00FE48A1 /* PreviewLinesManager.swift */ = {isa = PBXFileReference; lastKnownFileType = sourcecode.swift; path = PreviewLinesManager.swift; sourceTree = "<group>"; };
		48D7614725AFBF8700756E52 /* ApiKeys.swift */ = {isa = PBXFileReference; lastKnownFileType = sourcecode.swift; path = ApiKeys.swift; sourceTree = "<group>"; };
		48DA8BCC25BCFE5A00C9DE95 /* MetroNextTrainsModel.swift */ = {isa = PBXFileReference; lastKnownFileType = sourcecode.swift; path = MetroNextTrainsModel.swift; sourceTree = "<group>"; };
		48F6D70B26DAAAEB003A5C34 /* WalkingTimeView.swift */ = {isa = PBXFileReference; lastKnownFileType = sourcecode.swift; path = WalkingTimeView.swift; sourceTree = "<group>"; };
		48F6D70D26DAC420003A5C34 /* LocationManager.swift */ = {isa = PBXFileReference; fileEncoding = 4; lastKnownFileType = sourcecode.swift; path = LocationManager.swift; sourceTree = "<group>"; };
		48F6D70F26DAEC5B003A5C34 /* CacheManager.swift */ = {isa = PBXFileReference; lastKnownFileType = sourcecode.swift; path = CacheManager.swift; sourceTree = "<group>"; };
		48FA4C5F25A2ACF70050C027 /* WMATA Station.app */ = {isa = PBXFileReference; explicitFileType = wrapper.application; includeInIndex = 0; path = "WMATA Station.app"; sourceTree = BUILT_PRODUCTS_DIR; };
		48FA4C6225A2ACF70050C027 /* WMATAStationApp.swift */ = {isa = PBXFileReference; lastKnownFileType = sourcecode.swift; path = WMATAStationApp.swift; sourceTree = "<group>"; };
		48FA4C6425A2ACF70050C027 /* LinesView.swift */ = {isa = PBXFileReference; lastKnownFileType = sourcecode.swift; path = LinesView.swift; sourceTree = "<group>"; };
		48FA4C6625A2ACFB0050C027 /* Assets.xcassets */ = {isa = PBXFileReference; lastKnownFileType = folder.assetcatalog; path = Assets.xcassets; sourceTree = "<group>"; };
		48FA4C6925A2ACFB0050C027 /* Preview Assets.xcassets */ = {isa = PBXFileReference; lastKnownFileType = folder.assetcatalog; path = "Preview Assets.xcassets"; sourceTree = "<group>"; };
		48FA4C6B25A2ACFB0050C027 /* Info.plist */ = {isa = PBXFileReference; lastKnownFileType = text.plist.xml; path = Info.plist; sourceTree = "<group>"; };
		48FA4C7025A2ACFB0050C027 /* WMATA StationTests.xctest */ = {isa = PBXFileReference; explicitFileType = wrapper.cfbundle; includeInIndex = 0; path = "WMATA StationTests.xctest"; sourceTree = BUILT_PRODUCTS_DIR; };
		48FA4C7425A2ACFB0050C027 /* WMATAStationTests.swift */ = {isa = PBXFileReference; lastKnownFileType = sourcecode.swift; path = WMATAStationTests.swift; sourceTree = "<group>"; };
		48FA4C7625A2ACFB0050C027 /* Info.plist */ = {isa = PBXFileReference; lastKnownFileType = text.plist.xml; path = Info.plist; sourceTree = "<group>"; };
		48FA4C7B25A2ACFB0050C027 /* WMATA StationUITests.xctest */ = {isa = PBXFileReference; explicitFileType = wrapper.cfbundle; includeInIndex = 0; path = "WMATA StationUITests.xctest"; sourceTree = BUILT_PRODUCTS_DIR; };
		48FA4C7F25A2ACFB0050C027 /* WMATAStationUITests.swift */ = {isa = PBXFileReference; lastKnownFileType = sourcecode.swift; path = WMATAStationUITests.swift; sourceTree = "<group>"; };
		48FA4C8125A2ACFB0050C027 /* Info.plist */ = {isa = PBXFileReference; lastKnownFileType = text.plist.xml; path = Info.plist; sourceTree = "<group>"; };
/* End PBXFileReference section */

/* Begin PBXFrameworksBuildPhase section */
		48FA4C5C25A2ACF70050C027 /* Frameworks */ = {
			isa = PBXFrameworksBuildPhase;
			buildActionMask = 2147483647;
			files = (
				481AA559277918250086498F /* WMATAUI in Frameworks */,
				484417E225C1829600A7752D /* WMATAUI in Frameworks */,
			);
			runOnlyForDeploymentPostprocessing = 0;
		};
		48FA4C6D25A2ACFB0050C027 /* Frameworks */ = {
			isa = PBXFrameworksBuildPhase;
			buildActionMask = 2147483647;
			files = (
			);
			runOnlyForDeploymentPostprocessing = 0;
		};
		48FA4C7825A2ACFB0050C027 /* Frameworks */ = {
			isa = PBXFrameworksBuildPhase;
			buildActionMask = 2147483647;
			files = (
			);
			runOnlyForDeploymentPostprocessing = 0;
		};
/* End PBXFrameworksBuildPhase section */

/* Begin PBXGroup section */
		484417E025C1829600A7752D /* Frameworks */ = {
			isa = PBXGroup;
			children = (
			);
			name = Frameworks;
			sourceTree = "<group>";
		};
		48D7613625AFBC5500756E52 /* Views */ = {
			isa = PBXGroup;
			children = (
				487CE5A525C5DCC10013C2B6 /* NextBusesView.swift */,
				48FA4C6425A2ACF70050C027 /* LinesView.swift */,
				4828818725BC5902005B7994 /* StationView.swift */,
				4828819A25BCBE2E005B7994 /* NextTrainsView.swift */,
				4828819F25BCBEF3005B7994 /* Roundel.swift */,
				482EE71D25ACB06200C351A4 /* View+Balance.swift */,
				48F6D70B26DAAAEB003A5C34 /* WalkingTimeView.swift */,
			);
			path = Views;
			sourceTree = "<group>";
		};
		48D7613725AFBC9B00756E52 /* Stores */ = {
			isa = PBXGroup;
			children = (
				48F6D70D26DAC420003A5C34 /* LocationManager.swift */,
				482D96EA25AB2BA4001BACFE /* LinesManager.swift */,
				48D7614725AFBF8700756E52 /* ApiKeys.swift */,
				48DA8BCC25BCFE5A00C9DE95 /* MetroNextTrainsModel.swift */,
				480E32CB25C42CB50009F827 /* MetroNextBusesModel.swift */,
				480E32E725C58B4F0009F827 /* StationModel.swift */,
				48F6D70F26DAEC5B003A5C34 /* CacheManager.swift */,
			);
			path = Stores;
			sourceTree = "<group>";
		};
		48FA4C5625A2ACF70050C027 = {
			isa = PBXGroup;
			children = (
				48FA4C6125A2ACF70050C027 /* WMATA Station */,
				48FA4C7325A2ACFB0050C027 /* WMATA StationTests */,
				48FA4C7E25A2ACFB0050C027 /* WMATA StationUITests */,
				48FA4C6025A2ACF70050C027 /* Products */,
				484417E025C1829600A7752D /* Frameworks */,
			);
			sourceTree = "<group>";
		};
		48FA4C6025A2ACF70050C027 /* Products */ = {
			isa = PBXGroup;
			children = (
				48FA4C5F25A2ACF70050C027 /* WMATA Station.app */,
				48FA4C7025A2ACFB0050C027 /* WMATA StationTests.xctest */,
				48FA4C7B25A2ACFB0050C027 /* WMATA StationUITests.xctest */,
			);
			name = Products;
			sourceTree = "<group>";
		};
		48FA4C6125A2ACF70050C027 /* WMATA Station */ = {
			isa = PBXGroup;
			children = (
				48D7613725AFBC9B00756E52 /* Stores */,
				48D7613625AFBC5500756E52 /* Views */,
				48FA4C6225A2ACF70050C027 /* WMATAStationApp.swift */,
				48FA4C6625A2ACFB0050C027 /* Assets.xcassets */,
				48FA4C6B25A2ACFB0050C027 /* Info.plist */,
				48FA4C6825A2ACFB0050C027 /* Preview Content */,
				48BCABD5277F9DF900BFE7D7 /* WMATA+Extensions.swift */,
			);
			path = "WMATA Station";
			sourceTree = "<group>";
		};
		48FA4C6825A2ACFB0050C027 /* Preview Content */ = {
			isa = PBXGroup;
			children = (
				48FA4C6925A2ACFB0050C027 /* Preview Assets.xcassets */,
				4871567825BDEB30006ACCD6 /* PreviewData.swift */,
				48CD053B26DC2BBE00FE48A1 /* PreviewLinesManager.swift */,
				484A36BE2753B4B000AF8818 /* PreviewLocationManager.swift */,
			);
			path = "Preview Content";
			sourceTree = "<group>";
		};
		48FA4C7325A2ACFB0050C027 /* WMATA StationTests */ = {
			isa = PBXGroup;
			children = (
				48FA4C7425A2ACFB0050C027 /* WMATAStationTests.swift */,
				48FA4C7625A2ACFB0050C027 /* Info.plist */,
			);
			path = "WMATA StationTests";
			sourceTree = "<group>";
		};
		48FA4C7E25A2ACFB0050C027 /* WMATA StationUITests */ = {
			isa = PBXGroup;
			children = (
				48FA4C7F25A2ACFB0050C027 /* WMATAStationUITests.swift */,
				48FA4C8125A2ACFB0050C027 /* Info.plist */,
			);
			path = "WMATA StationUITests";
			sourceTree = "<group>";
		};
/* End PBXGroup section */

/* Begin PBXNativeTarget section */
		48FA4C5E25A2ACF70050C027 /* WMATA Station */ = {
			isa = PBXNativeTarget;
			buildConfigurationList = 48FA4C8425A2ACFB0050C027 /* Build configuration list for PBXNativeTarget "WMATA Station" */;
			buildPhases = (
				48FA4C5B25A2ACF70050C027 /* Sources */,
				48FA4C5C25A2ACF70050C027 /* Frameworks */,
				48FA4C5D25A2ACF70050C027 /* Resources */,
			);
			buildRules = (
			);
			dependencies = (
			);
			name = "WMATA Station";
			packageProductDependencies = (
				484417E125C1829600A7752D /* WMATAUI */,
				481AA558277918250086498F /* WMATAUI */,
			);
			productName = "WMATA Station";
			productReference = 48FA4C5F25A2ACF70050C027 /* WMATA Station.app */;
			productType = "com.apple.product-type.application";
		};
		48FA4C6F25A2ACFB0050C027 /* WMATA StationTests */ = {
			isa = PBXNativeTarget;
			buildConfigurationList = 48FA4C8725A2ACFB0050C027 /* Build configuration list for PBXNativeTarget "WMATA StationTests" */;
			buildPhases = (
				48FA4C6C25A2ACFB0050C027 /* Sources */,
				48FA4C6D25A2ACFB0050C027 /* Frameworks */,
				48FA4C6E25A2ACFB0050C027 /* Resources */,
			);
			buildRules = (
			);
			dependencies = (
				48FA4C7225A2ACFB0050C027 /* PBXTargetDependency */,
			);
			name = "WMATA StationTests";
			productName = "WMATA StationTests";
			productReference = 48FA4C7025A2ACFB0050C027 /* WMATA StationTests.xctest */;
			productType = "com.apple.product-type.bundle.unit-test";
		};
		48FA4C7A25A2ACFB0050C027 /* WMATA StationUITests */ = {
			isa = PBXNativeTarget;
			buildConfigurationList = 48FA4C8A25A2ACFB0050C027 /* Build configuration list for PBXNativeTarget "WMATA StationUITests" */;
			buildPhases = (
				48FA4C7725A2ACFB0050C027 /* Sources */,
				48FA4C7825A2ACFB0050C027 /* Frameworks */,
				48FA4C7925A2ACFB0050C027 /* Resources */,
			);
			buildRules = (
			);
			dependencies = (
				48FA4C7D25A2ACFB0050C027 /* PBXTargetDependency */,
			);
			name = "WMATA StationUITests";
			productName = "WMATA StationUITests";
			productReference = 48FA4C7B25A2ACFB0050C027 /* WMATA StationUITests.xctest */;
			productType = "com.apple.product-type.bundle.ui-testing";
		};
/* End PBXNativeTarget section */

/* Begin PBXProject section */
		48FA4C5725A2ACF70050C027 /* Project object */ = {
			isa = PBXProject;
			attributes = {
				LastSwiftUpdateCheck = 1230;
				LastUpgradeCheck = 1230;
				TargetAttributes = {
					48FA4C5E25A2ACF70050C027 = {
						CreatedOnToolsVersion = 12.3;
					};
					48FA4C6F25A2ACFB0050C027 = {
						CreatedOnToolsVersion = 12.3;
						TestTargetID = 48FA4C5E25A2ACF70050C027;
					};
					48FA4C7A25A2ACFB0050C027 = {
						CreatedOnToolsVersion = 12.3;
						TestTargetID = 48FA4C5E25A2ACF70050C027;
					};
				};
			};
			buildConfigurationList = 48FA4C5A25A2ACF70050C027 /* Build configuration list for PBXProject "WMATA Station" */;
			compatibilityVersion = "Xcode 13.0";
			developmentRegion = en;
			hasScannedForEncodings = 0;
			knownRegions = (
				en,
				Base,
			);
			mainGroup = 48FA4C5625A2ACF70050C027;
			packageReferences = (
				481AA557277918250086498F /* XCRemoteSwiftPackageReference "WMATAUI" */,
			);
			productRefGroup = 48FA4C6025A2ACF70050C027 /* Products */;
			projectDirPath = "";
			projectRoot = "";
			targets = (
				48FA4C5E25A2ACF70050C027 /* WMATA Station */,
				48FA4C6F25A2ACFB0050C027 /* WMATA StationTests */,
				48FA4C7A25A2ACFB0050C027 /* WMATA StationUITests */,
			);
		};
/* End PBXProject section */

/* Begin PBXResourcesBuildPhase section */
		48FA4C5D25A2ACF70050C027 /* Resources */ = {
			isa = PBXResourcesBuildPhase;
			buildActionMask = 2147483647;
			files = (
				48FA4C6A25A2ACFB0050C027 /* Preview Assets.xcassets in Resources */,
				48FA4C6725A2ACFB0050C027 /* Assets.xcassets in Resources */,
			);
			runOnlyForDeploymentPostprocessing = 0;
		};
		48FA4C6E25A2ACFB0050C027 /* Resources */ = {
			isa = PBXResourcesBuildPhase;
			buildActionMask = 2147483647;
			files = (
			);
			runOnlyForDeploymentPostprocessing = 0;
		};
		48FA4C7925A2ACFB0050C027 /* Resources */ = {
			isa = PBXResourcesBuildPhase;
			buildActionMask = 2147483647;
			files = (
			);
			runOnlyForDeploymentPostprocessing = 0;
		};
/* End PBXResourcesBuildPhase section */

/* Begin PBXSourcesBuildPhase section */
		48FA4C5B25A2ACF70050C027 /* Sources */ = {
			isa = PBXSourcesBuildPhase;
			buildActionMask = 2147483647;
			files = (
				487CE5A625C5DCC10013C2B6 /* NextBusesView.swift in Sources */,
				4871567925BDEB30006ACCD6 /* PreviewData.swift in Sources */,
				482EE71E25ACB06200C351A4 /* View+Balance.swift in Sources */,
				48D7614825AFBF8700756E52 /* ApiKeys.swift in Sources */,
				48CD053C26DC2BBE00FE48A1 /* PreviewLinesManager.swift in Sources */,
				482D96EB25AB2BA4001BACFE /* LinesManager.swift in Sources */,
				48F6D70E26DAC420003A5C34 /* LocationManager.swift in Sources */,
				484A36BF2753B4B000AF8818 /* PreviewLocationManager.swift in Sources */,
				480E32E825C58B4F0009F827 /* StationModel.swift in Sources */,
				480E32CC25C42CB50009F827 /* MetroNextBusesModel.swift in Sources */,
				48F6D70C26DAAAEB003A5C34 /* WalkingTimeView.swift in Sources */,
				48BCABD6277F9DF900BFE7D7 /* WMATA+Extensions.swift in Sources */,
				482881A025BCBEF3005B7994 /* Roundel.swift in Sources */,
				4828819B25BCBE2E005B7994 /* NextTrainsView.swift in Sources */,
				4828818825BC5902005B7994 /* StationView.swift in Sources */,
				48DA8BCD25BCFE5A00C9DE95 /* MetroNextTrainsModel.swift in Sources */,
				48FA4C6525A2ACF70050C027 /* LinesView.swift in Sources */,
				48F6D71026DAEC5B003A5C34 /* CacheManager.swift in Sources */,
				48FA4C6325A2ACF70050C027 /* WMATAStationApp.swift in Sources */,
			);
			runOnlyForDeploymentPostprocessing = 0;
		};
		48FA4C6C25A2ACFB0050C027 /* Sources */ = {
			isa = PBXSourcesBuildPhase;
			buildActionMask = 2147483647;
			files = (
				48FA4C7525A2ACFB0050C027 /* WMATAStationTests.swift in Sources */,
			);
			runOnlyForDeploymentPostprocessing = 0;
		};
		48FA4C7725A2ACFB0050C027 /* Sources */ = {
			isa = PBXSourcesBuildPhase;
			buildActionMask = 2147483647;
			files = (
				48FA4C8025A2ACFB0050C027 /* WMATAStationUITests.swift in Sources */,
			);
			runOnlyForDeploymentPostprocessing = 0;
		};
/* End PBXSourcesBuildPhase section */

/* Begin PBXTargetDependency section */
		48FA4C7225A2ACFB0050C027 /* PBXTargetDependency */ = {
			isa = PBXTargetDependency;
			target = 48FA4C5E25A2ACF70050C027 /* WMATA Station */;
			targetProxy = 48FA4C7125A2ACFB0050C027 /* PBXContainerItemProxy */;
		};
		48FA4C7D25A2ACFB0050C027 /* PBXTargetDependency */ = {
			isa = PBXTargetDependency;
			target = 48FA4C5E25A2ACF70050C027 /* WMATA Station */;
			targetProxy = 48FA4C7C25A2ACFB0050C027 /* PBXContainerItemProxy */;
		};
/* End PBXTargetDependency section */

/* Begin XCBuildConfiguration section */
		48FA4C8225A2ACFB0050C027 /* Debug */ = {
			isa = XCBuildConfiguration;
			buildSettings = {
				ALWAYS_SEARCH_USER_PATHS = NO;
				CLANG_ANALYZER_NONNULL = YES;
				CLANG_ANALYZER_NUMBER_OBJECT_CONVERSION = YES_AGGRESSIVE;
				CLANG_CXX_LANGUAGE_STANDARD = "gnu++14";
				CLANG_CXX_LIBRARY = "libc++";
				CLANG_ENABLE_MODULES = YES;
				CLANG_ENABLE_OBJC_ARC = YES;
				CLANG_ENABLE_OBJC_WEAK = YES;
				CLANG_WARN_BLOCK_CAPTURE_AUTORELEASING = YES;
				CLANG_WARN_BOOL_CONVERSION = YES;
				CLANG_WARN_COMMA = YES;
				CLANG_WARN_CONSTANT_CONVERSION = YES;
				CLANG_WARN_DEPRECATED_OBJC_IMPLEMENTATIONS = YES;
				CLANG_WARN_DIRECT_OBJC_ISA_USAGE = YES_ERROR;
				CLANG_WARN_DOCUMENTATION_COMMENTS = YES;
				CLANG_WARN_EMPTY_BODY = YES;
				CLANG_WARN_ENUM_CONVERSION = YES;
				CLANG_WARN_INFINITE_RECURSION = YES;
				CLANG_WARN_INT_CONVERSION = YES;
				CLANG_WARN_NON_LITERAL_NULL_CONVERSION = YES;
				CLANG_WARN_OBJC_IMPLICIT_RETAIN_SELF = YES;
				CLANG_WARN_OBJC_LITERAL_CONVERSION = YES;
				CLANG_WARN_OBJC_ROOT_CLASS = YES_ERROR;
				CLANG_WARN_QUOTED_INCLUDE_IN_FRAMEWORK_HEADER = YES;
				CLANG_WARN_RANGE_LOOP_ANALYSIS = YES;
				CLANG_WARN_STRICT_PROTOTYPES = YES;
				CLANG_WARN_SUSPICIOUS_MOVE = YES;
				CLANG_WARN_UNGUARDED_AVAILABILITY = YES_AGGRESSIVE;
				CLANG_WARN_UNREACHABLE_CODE = YES;
				CLANG_WARN__DUPLICATE_METHOD_MATCH = YES;
				COPY_PHASE_STRIP = NO;
				DEBUG_INFORMATION_FORMAT = dwarf;
				ENABLE_STRICT_OBJC_MSGSEND = YES;
				ENABLE_TESTABILITY = YES;
				GCC_C_LANGUAGE_STANDARD = gnu11;
				GCC_DYNAMIC_NO_PIC = NO;
				GCC_NO_COMMON_BLOCKS = YES;
				GCC_OPTIMIZATION_LEVEL = 0;
				GCC_PREPROCESSOR_DEFINITIONS = (
					"DEBUG=1",
					"$(inherited)",
				);
				GCC_WARN_64_TO_32_BIT_CONVERSION = YES;
				GCC_WARN_ABOUT_RETURN_TYPE = YES_ERROR;
				GCC_WARN_UNDECLARED_SELECTOR = YES;
				GCC_WARN_UNINITIALIZED_AUTOS = YES_AGGRESSIVE;
				GCC_WARN_UNUSED_FUNCTION = YES;
				GCC_WARN_UNUSED_VARIABLE = YES;
				MTL_ENABLE_DEBUG_INFO = INCLUDE_SOURCE;
				MTL_FAST_MATH = YES;
				ONLY_ACTIVE_ARCH = YES;
				SDKROOT = appletvos;
				SWIFT_ACTIVE_COMPILATION_CONDITIONS = DEBUG;
				SWIFT_OPTIMIZATION_LEVEL = "-Onone";
				TVOS_DEPLOYMENT_TARGET = 15.0;
			};
			name = Debug;
		};
		48FA4C8325A2ACFB0050C027 /* Release */ = {
			isa = XCBuildConfiguration;
			buildSettings = {
				ALWAYS_SEARCH_USER_PATHS = NO;
				CLANG_ANALYZER_NONNULL = YES;
				CLANG_ANALYZER_NUMBER_OBJECT_CONVERSION = YES_AGGRESSIVE;
				CLANG_CXX_LANGUAGE_STANDARD = "gnu++14";
				CLANG_CXX_LIBRARY = "libc++";
				CLANG_ENABLE_MODULES = YES;
				CLANG_ENABLE_OBJC_ARC = YES;
				CLANG_ENABLE_OBJC_WEAK = YES;
				CLANG_WARN_BLOCK_CAPTURE_AUTORELEASING = YES;
				CLANG_WARN_BOOL_CONVERSION = YES;
				CLANG_WARN_COMMA = YES;
				CLANG_WARN_CONSTANT_CONVERSION = YES;
				CLANG_WARN_DEPRECATED_OBJC_IMPLEMENTATIONS = YES;
				CLANG_WARN_DIRECT_OBJC_ISA_USAGE = YES_ERROR;
				CLANG_WARN_DOCUMENTATION_COMMENTS = YES;
				CLANG_WARN_EMPTY_BODY = YES;
				CLANG_WARN_ENUM_CONVERSION = YES;
				CLANG_WARN_INFINITE_RECURSION = YES;
				CLANG_WARN_INT_CONVERSION = YES;
				CLANG_WARN_NON_LITERAL_NULL_CONVERSION = YES;
				CLANG_WARN_OBJC_IMPLICIT_RETAIN_SELF = YES;
				CLANG_WARN_OBJC_LITERAL_CONVERSION = YES;
				CLANG_WARN_OBJC_ROOT_CLASS = YES_ERROR;
				CLANG_WARN_QUOTED_INCLUDE_IN_FRAMEWORK_HEADER = YES;
				CLANG_WARN_RANGE_LOOP_ANALYSIS = YES;
				CLANG_WARN_STRICT_PROTOTYPES = YES;
				CLANG_WARN_SUSPICIOUS_MOVE = YES;
				CLANG_WARN_UNGUARDED_AVAILABILITY = YES_AGGRESSIVE;
				CLANG_WARN_UNREACHABLE_CODE = YES;
				CLANG_WARN__DUPLICATE_METHOD_MATCH = YES;
				COPY_PHASE_STRIP = NO;
				DEBUG_INFORMATION_FORMAT = "dwarf-with-dsym";
				ENABLE_NS_ASSERTIONS = NO;
				ENABLE_STRICT_OBJC_MSGSEND = YES;
				GCC_C_LANGUAGE_STANDARD = gnu11;
				GCC_NO_COMMON_BLOCKS = YES;
				GCC_WARN_64_TO_32_BIT_CONVERSION = YES;
				GCC_WARN_ABOUT_RETURN_TYPE = YES_ERROR;
				GCC_WARN_UNDECLARED_SELECTOR = YES;
				GCC_WARN_UNINITIALIZED_AUTOS = YES_AGGRESSIVE;
				GCC_WARN_UNUSED_FUNCTION = YES;
				GCC_WARN_UNUSED_VARIABLE = YES;
				MTL_ENABLE_DEBUG_INFO = NO;
				MTL_FAST_MATH = YES;
				SDKROOT = appletvos;
				SWIFT_COMPILATION_MODE = wholemodule;
				SWIFT_OPTIMIZATION_LEVEL = "-O";
				TVOS_DEPLOYMENT_TARGET = 15.0;
				VALIDATE_PRODUCT = YES;
			};
			name = Release;
		};
		48FA4C8525A2ACFB0050C027 /* Debug */ = {
			isa = XCBuildConfiguration;
			buildSettings = {
				ASSETCATALOG_COMPILER_APPICON_NAME = "App Icon & Top Shelf Image";
				ASSETCATALOG_COMPILER_GLOBAL_ACCENT_COLOR_NAME = AccentColor;
				CODE_SIGN_STYLE = Automatic;
				DEVELOPMENT_ASSET_PATHS = "\"WMATA Station/Preview Content\"";
				DEVELOPMENT_TEAM = K2672N7845;
				ENABLE_PREVIEWS = YES;
				INFOPLIST_FILE = "WMATA Station/Info.plist";
				LD_RUNPATH_SEARCH_PATHS = (
					"$(inherited)",
					"@executable_path/Frameworks",
				);
				PRODUCT_BUNDLE_IDENTIFIER = "com.alexandriasoftware.WMATA-Station";
				PRODUCT_NAME = "$(TARGET_NAME)";
				SWIFT_VERSION = 5.0;
				TARGETED_DEVICE_FAMILY = 3;
				TVOS_DEPLOYMENT_TARGET = 15.0;
			};
			name = Debug;
		};
		48FA4C8625A2ACFB0050C027 /* Release */ = {
			isa = XCBuildConfiguration;
			buildSettings = {
				ASSETCATALOG_COMPILER_APPICON_NAME = "App Icon & Top Shelf Image";
				ASSETCATALOG_COMPILER_GLOBAL_ACCENT_COLOR_NAME = AccentColor;
				CODE_SIGN_STYLE = Automatic;
				DEVELOPMENT_ASSET_PATHS = "\"WMATA Station/Preview Content\"";
				DEVELOPMENT_TEAM = K2672N7845;
				ENABLE_PREVIEWS = YES;
				INFOPLIST_FILE = "WMATA Station/Info.plist";
				LD_RUNPATH_SEARCH_PATHS = (
					"$(inherited)",
					"@executable_path/Frameworks",
				);
				PRODUCT_BUNDLE_IDENTIFIER = "com.alexandriasoftware.WMATA-Station";
				PRODUCT_NAME = "$(TARGET_NAME)";
				SWIFT_VERSION = 5.0;
				TARGETED_DEVICE_FAMILY = 3;
				TVOS_DEPLOYMENT_TARGET = 15.0;
			};
			name = Release;
		};
		48FA4C8825A2ACFB0050C027 /* Debug */ = {
			isa = XCBuildConfiguration;
			buildSettings = {
				ALWAYS_EMBED_SWIFT_STANDARD_LIBRARIES = YES;
				BUNDLE_LOADER = "$(TEST_HOST)";
				CODE_SIGN_STYLE = Automatic;
				DEVELOPMENT_TEAM = K2672N7845;
				INFOPLIST_FILE = "WMATA StationTests/Info.plist";
				LD_RUNPATH_SEARCH_PATHS = (
					"$(inherited)",
					"@executable_path/Frameworks",
					"@loader_path/Frameworks",
				);
				PRODUCT_BUNDLE_IDENTIFIER = "com.alexandriasoftware.WMATA-StationTests";
				PRODUCT_NAME = "$(TARGET_NAME)";
				SWIFT_VERSION = 5.0;
				TARGETED_DEVICE_FAMILY = 3;
				TEST_HOST = "$(BUILT_PRODUCTS_DIR)/WMATA Station.app/WMATA Station";
				TVOS_DEPLOYMENT_TARGET = 15.0;
			};
			name = Debug;
		};
		48FA4C8925A2ACFB0050C027 /* Release */ = {
			isa = XCBuildConfiguration;
			buildSettings = {
				ALWAYS_EMBED_SWIFT_STANDARD_LIBRARIES = YES;
				BUNDLE_LOADER = "$(TEST_HOST)";
				CODE_SIGN_STYLE = Automatic;
				DEVELOPMENT_TEAM = K2672N7845;
				INFOPLIST_FILE = "WMATA StationTests/Info.plist";
				LD_RUNPATH_SEARCH_PATHS = (
					"$(inherited)",
					"@executable_path/Frameworks",
					"@loader_path/Frameworks",
				);
				PRODUCT_BUNDLE_IDENTIFIER = "com.alexandriasoftware.WMATA-StationTests";
				PRODUCT_NAME = "$(TARGET_NAME)";
				SWIFT_VERSION = 5.0;
				TARGETED_DEVICE_FAMILY = 3;
				TEST_HOST = "$(BUILT_PRODUCTS_DIR)/WMATA Station.app/WMATA Station";
				TVOS_DEPLOYMENT_TARGET = 15.0;
			};
			name = Release;
		};
		48FA4C8B25A2ACFB0050C027 /* Debug */ = {
			isa = XCBuildConfiguration;
			buildSettings = {
				ALWAYS_EMBED_SWIFT_STANDARD_LIBRARIES = YES;
				CODE_SIGN_STYLE = Automatic;
				DEVELOPMENT_TEAM = K2672N7845;
				INFOPLIST_FILE = "WMATA StationUITests/Info.plist";
				LD_RUNPATH_SEARCH_PATHS = (
					"$(inherited)",
					"@executable_path/Frameworks",
					"@loader_path/Frameworks",
				);
				PRODUCT_BUNDLE_IDENTIFIER = "com.alexandriasoftware.WMATA-StationUITests";
				PRODUCT_NAME = "$(TARGET_NAME)";
				SWIFT_VERSION = 5.0;
				TARGETED_DEVICE_FAMILY = 3;
				TEST_TARGET_NAME = "WMATA Station";
			};
			name = Debug;
		};
		48FA4C8C25A2ACFB0050C027 /* Release */ = {
			isa = XCBuildConfiguration;
			buildSettings = {
				ALWAYS_EMBED_SWIFT_STANDARD_LIBRARIES = YES;
				CODE_SIGN_STYLE = Automatic;
				DEVELOPMENT_TEAM = K2672N7845;
				INFOPLIST_FILE = "WMATA StationUITests/Info.plist";
				LD_RUNPATH_SEARCH_PATHS = (
					"$(inherited)",
					"@executable_path/Frameworks",
					"@loader_path/Frameworks",
				);
				PRODUCT_BUNDLE_IDENTIFIER = "com.alexandriasoftware.WMATA-StationUITests";
				PRODUCT_NAME = "$(TARGET_NAME)";
				SWIFT_VERSION = 5.0;
				TARGETED_DEVICE_FAMILY = 3;
				TEST_TARGET_NAME = "WMATA Station";
			};
			name = Release;
		};
/* End XCBuildConfiguration section */

/* Begin XCConfigurationList section */
		48FA4C5A25A2ACF70050C027 /* Build configuration list for PBXProject "WMATA Station" */ = {
			isa = XCConfigurationList;
			buildConfigurations = (
				48FA4C8225A2ACFB0050C027 /* Debug */,
				48FA4C8325A2ACFB0050C027 /* Release */,
			);
			defaultConfigurationIsVisible = 0;
			defaultConfigurationName = Release;
		};
		48FA4C8425A2ACFB0050C027 /* Build configuration list for PBXNativeTarget "WMATA Station" */ = {
			isa = XCConfigurationList;
			buildConfigurations = (
				48FA4C8525A2ACFB0050C027 /* Debug */,
				48FA4C8625A2ACFB0050C027 /* Release */,
			);
			defaultConfigurationIsVisible = 0;
			defaultConfigurationName = Release;
		};
		48FA4C8725A2ACFB0050C027 /* Build configuration list for PBXNativeTarget "WMATA StationTests" */ = {
			isa = XCConfigurationList;
			buildConfigurations = (
				48FA4C8825A2ACFB0050C027 /* Debug */,
				48FA4C8925A2ACFB0050C027 /* Release */,
			);
			defaultConfigurationIsVisible = 0;
			defaultConfigurationName = Release;
		};
		48FA4C8A25A2ACFB0050C027 /* Build configuration list for PBXNativeTarget "WMATA StationUITests" */ = {
			isa = XCConfigurationList;
			buildConfigurations = (
				48FA4C8B25A2ACFB0050C027 /* Debug */,
				48FA4C8C25A2ACFB0050C027 /* Release */,
			);
			defaultConfigurationIsVisible = 0;
			defaultConfigurationName = Release;
		};
/* End XCConfigurationList section */

/* Begin XCRemoteSwiftPackageReference section */
		481AA557277918250086498F /* XCRemoteSwiftPackageReference "WMATAUI" */ = {
			isa = XCRemoteSwiftPackageReference;
			repositoryURL = "https://github.com/rhwood/WMATAUI.swift";
			requirement = {
				kind = upToNextMinorVersion;
				minimumVersion = 0.6.2;
			};
		};
/* End XCRemoteSwiftPackageReference section */

/* Begin XCSwiftPackageProductDependency section */
		481AA558277918250086498F /* WMATAUI */ = {
			isa = XCSwiftPackageProductDependency;
			package = 481AA557277918250086498F /* XCRemoteSwiftPackageReference "WMATAUI" */;
			productName = WMATAUI;
		};
		484417E125C1829600A7752D /* WMATAUI */ = {
			isa = XCSwiftPackageProductDependency;
			productName = WMATAUI;
		};
/* End XCSwiftPackageProductDependency section */
	};
	rootObject = 48FA4C5725A2ACF70050C027 /* Project object */;
}
