{
  "object": {
    "pins": [
      {
        "package": "GTFS",
        "repositoryURL": "https://github.com/emma-k-alexandra/GTFS.git",
        "state": {
          "branch": null,
          "revision": "92197f4c41aba53889a2db1e2e9d6dbe4022a223",
          "version": "1.0.1"
        }
      },
      {
        "package": "SwiftProtobuf",
        "repositoryURL": "https://github.com/apple/swift-protobuf.git",
        "state": {
          "branch": null,
          "revision": "7e2c5f3cbbeea68e004915e3a8961e20bd11d824",
          "version": "1.18.0"
        }
      },
      {
        "package": "WMATA",
        "repositoryURL": "https://github.com/emma-k-alexandra/WMATA.swift",
        "state": {
          "branch": null,
          "revision": "8c5588e4d1c5581ec4cc25a2a1cf5b459cef6d8c",
          "version": "12.0.0"
        }
      },
      {
        "package": "WMATAUI",
        "repositoryURL": "https://github.com/rhwood/WMATAUI.swift",
        "state": {
          "branch": null,
          "revision": "11b26d2bc7e1b6a807cde897ba800388e99771e9",
          "version": "0.6.2"
        }
      }
    ]
  },
  "version": 1
}
